
Microsoft Visual Studio Solution File, Format Version 12.00
# Visual Studio Version 17
VisualStudioVersion = 17.0.31919.166
MinimumVisualStudioVersion = 10.0.40219.1
Project("{9A19103F-16F7-4668-BE54-9A1E7A4F7556}") = "Modbus", "Modbus\Modbus.csproj", "{40D49E67-48FD-4863-9770-D76900268329}"
EndProject
Project("{9A19103F-16F7-4668-BE54-9A1E7A4F7556}") = "ModbusWpf", "ModbusWpf\ModbusWpf.csproj", "{9B4AC1C2-F24B-46E5-B67F-8E65263242AA}"
EndProject
Project("{FAE04EC0-301F-11D3-BF4B-00C04F79EFBC}") = "ModbusMaster", "ModbusMaster\ModbusMaster.csproj", "{92D5E7C9-1B21-4114-AEE0-F779BFFDED7D}"
EndProject
Global
	GlobalSection(SolutionConfigurationPlatforms) = preSolution
		Debug|Any CPU = Debug|Any CPU
		Release|Any CPU = Release|Any CPU
	EndGlobalSection
	GlobalSection(ProjectConfigurationPlatforms) = postSolution
		{40D49E67-48FD-4863-9770-D76900268329}.Debug|Any CPU.ActiveCfg = Debug|Any CPU
		{40D49E67-48FD-4863-9770-D76900268329}.Debug|Any CPU.Build.0 = Debug|Any CPU
		{40D49E67-48FD-4863-9770-D76900268329}.Release|Any CPU.ActiveCfg = Release|Any CPU
		{40D49E67-48FD-4863-9770-D76900268329}.Release|Any CPU.Build.0 = Release|Any CPU
		{9B4AC1C2-F24B-46E5-B67F-8E65263242AA}.Debug|Any CPU.ActiveCfg = Debug|Any CPU
		{9B4AC1C2-F24B-46E5-B67F-8E65263242AA}.Debug|Any CPU.Build.0 = Debug|Any CPU
		{9B4AC1C2-F24B-46E5-B67F-8E65263242AA}.Release|Any CPU.ActiveCfg = Release|Any CPU
		{9B4AC1C2-F24B-46E5-B67F-8E65263242AA}.Release|Any CPU.Build.0 = Release|Any CPU
		{92D5E7C9-1B21-4114-AEE0-F779BFFDED7D}.Debug|Any CPU.ActiveCfg = Debug|Any CPU
		{92D5E7C9-1B21-4114-AEE0-F779BFFDED7D}.Debug|Any CPU.Build.0 = Debug|Any CPU
		{92D5E7C9-1B21-4114-AEE0-F779BFFDED7D}.Release|Any CPU.ActiveCfg = Release|Any CPU
		{92D5E7C9-1B21-4114-AEE0-F779BFFDED7D}.Release|Any CPU.Build.0 = Release|Any CPU
	EndGlobalSection
	GlobalSection(SolutionProperties) = preSolution
		HideSolutionNode = FALSE
	EndGlobalSection
	GlobalSection(ExtensibilityGlobals) = postSolution
		SolutionGuid = {F3FA78C9-269D-4907-91AE-8CD8AEA40758}
	EndGlobalSection
EndGlobal
